
Microsoft Visual Studio Solution File, Format Version 12.00
# Visual Studio Version 17
VisualStudioVersion = 17.8.34330.188
MinimumVisualStudioVersion = 10.0.40219.1
Project("{FAE04EC0-301F-11D3-BF4B-00C04F79EFBC}") = "DiceRollWithC#", "DiceRollWithC#.csproj", "{FC3B09AB-8647-4A13-AF66-5B19A124C2B8}"
EndProject
Global
	GlobalSection(SolutionConfigurationPlatforms) = preSolution
		Debug|Any CPU = Debug|Any CPU
		Release|Any CPU = Release|Any CPU
	EndGlobalSection
	GlobalSection(ProjectConfigurationPlatforms) = postSolution
		{FC3B09AB-8647-4A13-AF66-5B19A124C2B8}.Debug|Any CPU.ActiveCfg = Debug|Any CPU
		{FC3B09AB-8647-4A13-AF66-5B19A124C2B8}.Debug|Any CPU.Build.0 = Debug|Any CPU
		{FC3B09AB-8647-4A13-AF66-5B19A124C2B8}.Release|Any CPU.ActiveCfg = Release|Any CPU
		{FC3B09AB-8647-4A13-AF66-5B19A124C2B8}.Release|Any CPU.Build.0 = Release|Any CPU
	EndGlobalSection
	GlobalSection(SolutionProperties) = preSolution
		HideSolutionNode = FALSE
	EndGlobalSection
	GlobalSection(ExtensibilityGlobals) = postSolution
		SolutionGuid = {43B2BE90-9798-40E7-81B6-54989EA4862B}
	EndGlobalSection
EndGlobal
